// !$*UTF8*$!
{
	archiveVersion = 1;
	classes = {
	};
	objectVersion = 46;
	objects = {

/* Begin PBXBuildFile section */
		181D744F1D2473910007DAFD /* Product.swift in Sources */ = {isa = PBXBuildFile; fileRef = 181D744E1D2473910007DAFD /* Product.swift */; };
		1835D0901D22F64900C9554C /* AppDelegate.swift in Sources */ = {isa = PBXBuildFile; fileRef = 1835D08F1D22F64900C9554C /* AppDelegate.swift */; };
		1835D0921D22F64900C9554C /* ViewController.swift in Sources */ = {isa = PBXBuildFile; fileRef = 1835D0911D22F64900C9554C /* ViewController.swift */; };
		1835D0951D22F64900C9554C /* Main.storyboard in Resources */ = {isa = PBXBuildFile; fileRef = 1835D0931D22F64900C9554C /* Main.storyboard */; };
		1835D0971D22F64900C9554C /* Assets.xcassets in Resources */ = {isa = PBXBuildFile; fileRef = 1835D0961D22F64900C9554C /* Assets.xcassets */; };
		1835D09A1D22F64900C9554C /* LaunchScreen.storyboard in Resources */ = {isa = PBXBuildFile; fileRef = 1835D0981D22F64900C9554C /* LaunchScreen.storyboard */; };
		1835D0A21D22F73900C9554C /* Network.swift in Sources */ = {isa = PBXBuildFile; fileRef = 1835D0A11D22F73900C9554C /* Network.swift */; };
		1835D0A41D2328E700C9554C /* ProductTableView.swift in Sources */ = {isa = PBXBuildFile; fileRef = 1835D0A31D2328E700C9554C /* ProductTableView.swift */; };
		1835D0A61D2329CD00C9554C /* ProductTableViewCell.xib in Resources */ = {isa = PBXBuildFile; fileRef = 1835D0A51D2329CD00C9554C /* ProductTableViewCell.xib */; };
		1835D0A81D2329F000C9554C /* ProductTableViewCell.swift in Sources */ = {isa = PBXBuildFile; fileRef = 1835D0A71D2329F000C9554C /* ProductTableViewCell.swift */; };
		1835D0AB1D2465BC00C9554C /* Screen.swift in Sources */ = {isa = PBXBuildFile; fileRef = 1835D0AA1D2465BC00C9554C /* Screen.swift */; };
		1835D0AD1D24664700C9554C /* ProductTableViewDataSource.swift in Sources */ = {isa = PBXBuildFile; fileRef = 1835D0AC1D24664700C9554C /* ProductTableViewDataSource.swift */; };
		DE01DD67AF12C406F23A7A82 /* Pods_Quick.framework in Frameworks */ = {isa = PBXBuildFile; fileRef = A3046EE7FA120C65328D837C /* Pods_Quick.framework */; };
/* End PBXBuildFile section */

/* Begin PBXFileReference section */
		181D744E1D2473910007DAFD /* Product.swift */ = {isa = PBXFileReference; fileEncoding = 4; lastKnownFileType = sourcecode.swift; path = Product.swift; sourceTree = "<group>"; };
		1835D08C1D22F64900C9554C /* Quick.app */ = {isa = PBXFileReference; explicitFileType = wrapper.application; includeInIndex = 0; path = Quick.app; sourceTree = BUILT_PRODUCTS_DIR; };
		1835D08F1D22F64900C9554C /* AppDelegate.swift */ = {isa = PBXFileReference; lastKnownFileType = sourcecode.swift; path = AppDelegate.swift; sourceTree = "<group>"; };
		1835D0911D22F64900C9554C /* ViewController.swift */ = {isa = PBXFileReference; lastKnownFileType = sourcecode.swift; path = ViewController.swift; sourceTree = "<group>"; };
		1835D0941D22F64900C9554C /* Base */ = {isa = PBXFileReference; lastKnownFileType = file.storyboard; name = Base; path = Base.lproj/Main.storyboard; sourceTree = "<group>"; };
		1835D0961D22F64900C9554C /* Assets.xcassets */ = {isa = PBXFileReference; lastKnownFileType = folder.assetcatalog; path = Assets.xcassets; sourceTree = "<group>"; };
		1835D0991D22F64900C9554C /* Base */ = {isa = PBXFileReference; lastKnownFileType = file.storyboard; name = Base; path = Base.lproj/LaunchScreen.storyboard; sourceTree = "<group>"; };
		1835D09B1D22F64900C9554C /* Info.plist */ = {isa = PBXFileReference; lastKnownFileType = text.plist.xml; path = Info.plist; sourceTree = "<group>"; };
		1835D0A11D22F73900C9554C /* Network.swift */ = {isa = PBXFileReference; fileEncoding = 4; lastKnownFileType = sourcecode.swift; path = Network.swift; sourceTree = "<group>"; };
		1835D0A31D2328E700C9554C /* ProductTableView.swift */ = {isa = PBXFileReference; fileEncoding = 4; lastKnownFileType = sourcecode.swift; path = ProductTableView.swift; sourceTree = "<group>"; };
		1835D0A51D2329CD00C9554C /* ProductTableViewCell.xib */ = {isa = PBXFileReference; fileEncoding = 4; lastKnownFileType = file.xib; path = ProductTableViewCell.xib; sourceTree = "<group>"; };
		1835D0A71D2329F000C9554C /* ProductTableViewCell.swift */ = {isa = PBXFileReference; fileEncoding = 4; lastKnownFileType = sourcecode.swift; path = ProductTableViewCell.swift; sourceTree = "<group>"; };
		1835D0AA1D2465BC00C9554C /* Screen.swift */ = {isa = PBXFileReference; fileEncoding = 4; lastKnownFileType = sourcecode.swift; path = Screen.swift; sourceTree = "<group>"; };
		1835D0AC1D24664700C9554C /* ProductTableViewDataSource.swift */ = {isa = PBXFileReference; fileEncoding = 4; lastKnownFileType = sourcecode.swift; path = ProductTableViewDataSource.swift; sourceTree = "<group>"; };
		2E472150DF07F2388306F612 /* Pods-Quick.release.xcconfig */ = {isa = PBXFileReference; includeInIndex = 1; lastKnownFileType = text.xcconfig; name = "Pods-Quick.release.xcconfig"; path = "Pods/Target Support Files/Pods-Quick/Pods-Quick.release.xcconfig"; sourceTree = "<group>"; };
		A3046EE7FA120C65328D837C /* Pods_Quick.framework */ = {isa = PBXFileReference; explicitFileType = wrapper.framework; includeInIndex = 0; path = Pods_Quick.framework; sourceTree = BUILT_PRODUCTS_DIR; };
		A8F793CA61FD105E836E06CE /* Pods-Quick.debug.xcconfig */ = {isa = PBXFileReference; includeInIndex = 1; lastKnownFileType = text.xcconfig; name = "Pods-Quick.debug.xcconfig"; path = "Pods/Target Support Files/Pods-Quick/Pods-Quick.debug.xcconfig"; sourceTree = "<group>"; };
/* End PBXFileReference section */

/* Begin PBXFrameworksBuildPhase section */
		1835D0891D22F64900C9554C /* Frameworks */ = {
			isa = PBXFrameworksBuildPhase;
			buildActionMask = 2147483647;
			files = (
				DE01DD67AF12C406F23A7A82 /* Pods_Quick.framework in Frameworks */,
			);
			runOnlyForDeploymentPostprocessing = 0;
		};
/* End PBXFrameworksBuildPhase section */

/* Begin PBXGroup section */
		1835D0831D22F64800C9554C = {
			isa = PBXGroup;
			children = (
				1835D08E1D22F64900C9554C /* Quick */,
				1835D08D1D22F64900C9554C /* Products */,
				C2B5942652FEF93BD641B301 /* Pods */,
				84143C46AE58A31F6AE293CD /* Frameworks */,
			);
			sourceTree = "<group>";
		};
		1835D08D1D22F64900C9554C /* Products */ = {
			isa = PBXGroup;
			children = (
				1835D08C1D22F64900C9554C /* Quick.app */,
			);
			name = Products;
			sourceTree = "<group>";
		};
		1835D08E1D22F64900C9554C /* Quick */ = {
			isa = PBXGroup;
			children = (
				1835D08F1D22F64900C9554C /* AppDelegate.swift */,
				1835D0911D22F64900C9554C /* ViewController.swift */,
				1835D0A11D22F73900C9554C /* Network.swift */,
				1835D0A91D232B9200C9554C /* ProductTableView */,
				1835D0AA1D2465BC00C9554C /* Screen.swift */,
				1835D0981D22F64900C9554C /* LaunchScreen.storyboard */,
				1835D0931D22F64900C9554C /* Main.storyboard */,
				1835D09B1D22F64900C9554C /* Info.plist */,
				1835D0961D22F64900C9554C /* Assets.xcassets */,
			);
			path = Quick;
			sourceTree = "<group>";
		};
		1835D0A91D232B9200C9554C /* ProductTableView */ = {
			isa = PBXGroup;
			children = (
				1835D0A31D2328E700C9554C /* ProductTableView.swift */,
				1835D0A51D2329CD00C9554C /* ProductTableViewCell.xib */,
				1835D0A71D2329F000C9554C /* ProductTableViewCell.swift */,
				1835D0AC1D24664700C9554C /* ProductTableViewDataSource.swift */,
				181D744E1D2473910007DAFD /* Product.swift */,
			);
			name = ProductTableView;
			sourceTree = "<group>";
		};
		84143C46AE58A31F6AE293CD /* Frameworks */ = {
			isa = PBXGroup;
			children = (
				A3046EE7FA120C65328D837C /* Pods_Quick.framework */,
			);
			name = Frameworks;
			sourceTree = "<group>";
		};
		C2B5942652FEF93BD641B301 /* Pods */ = {
			isa = PBXGroup;
			children = (
				A8F793CA61FD105E836E06CE /* Pods-Quick.debug.xcconfig */,
				2E472150DF07F2388306F612 /* Pods-Quick.release.xcconfig */,
			);
			name = Pods;
			sourceTree = "<group>";
		};
/* End PBXGroup section */

/* Begin PBXNativeTarget section */
		1835D08B1D22F64900C9554C /* Quick */ = {
			isa = PBXNativeTarget;
			buildConfigurationList = 1835D09E1D22F64900C9554C /* Build configuration list for PBXNativeTarget "Quick" */;
			buildPhases = (
				495EE86E7804C19403330660 /* [CP] Check Pods Manifest.lock */,
				1835D0881D22F64900C9554C /* Sources */,
				1835D0891D22F64900C9554C /* Frameworks */,
				1835D08A1D22F64900C9554C /* Resources */,
				DF5C2DF476BA9240366880A1 /* [CP] Embed Pods Frameworks */,
				CD55DCAF6F4D2D08EF26B0F5 /* [CP] Copy Pods Resources */,
			);
			buildRules = (
			);
			dependencies = (
			);
			name = Quick;
			productName = Quick;
			productReference = 1835D08C1D22F64900C9554C /* Quick.app */;
			productType = "com.apple.product-type.application";
		};
/* End PBXNativeTarget section */

/* Begin PBXProject section */
		1835D0841D22F64800C9554C /* Project object */ = {
			isa = PBXProject;
			attributes = {
				LastSwiftUpdateCheck = 0730;
				LastUpgradeCheck = 0730;
				ORGANIZATIONNAME = "Stephen Fox";
				TargetAttributes = {
					1835D08B1D22F64900C9554C = {
						CreatedOnToolsVersion = 7.3.1;
						DevelopmentTeam = EBZ9ESQDZH;
					};
				};
			};
			buildConfigurationList = 1835D0871D22F64900C9554C /* Build configuration list for PBXProject "Quick" */;
			compatibilityVersion = "Xcode 3.2";
			developmentRegion = English;
			hasScannedForEncodings = 0;
			knownRegions = (
				en,
				Base,
			);
			mainGroup = 1835D0831D22F64800C9554C;
			productRefGroup = 1835D08D1D22F64900C9554C /* Products */;
			projectDirPath = "";
			projectRoot = "";
			targets = (
				1835D08B1D22F64900C9554C /* Quick */,
			);
		};
/* End PBXProject section */

/* Begin PBXResourcesBuildPhase section */
		1835D08A1D22F64900C9554C /* Resources */ = {
			isa = PBXResourcesBuildPhase;
			buildActionMask = 2147483647;
			files = (
				1835D09A1D22F64900C9554C /* LaunchScreen.storyboard in Resources */,
				1835D0A61D2329CD00C9554C /* ProductTableViewCell.xib in Resources */,
				1835D0971D22F64900C9554C /* Assets.xcassets in Resources */,
				1835D0951D22F64900C9554C /* Main.storyboard in Resources */,
			);
			runOnlyForDeploymentPostprocessing = 0;
		};
/* End PBXResourcesBuildPhase section */

/* Begin PBXShellScriptBuildPhase section */
		495EE86E7804C19403330660 /* [CP] Check Pods Manifest.lock */ = {
			isa = PBXShellScriptBuildPhase;
			buildActionMask = 2147483647;
			files = (
			);
			inputPaths = (
			);
			name = "[CP] Check Pods Manifest.lock";
			outputPaths = (
			);
			runOnlyForDeploymentPostprocessing = 0;
			shellPath = /bin/sh;
			shellScript = "diff \"${PODS_ROOT}/../Podfile.lock\" \"${PODS_ROOT}/Manifest.lock\" > /dev/null\nif [[ $? != 0 ]] ; then\n    cat << EOM\nerror: The sandbox is not in sync with the Podfile.lock. Run 'pod install' or update your CocoaPods installation.\nEOM\n    exit 1\nfi\n";
			showEnvVarsInLog = 0;
		};
		CD55DCAF6F4D2D08EF26B0F5 /* [CP] Copy Pods Resources */ = {
			isa = PBXShellScriptBuildPhase;
			buildActionMask = 2147483647;
			files = (
			);
			inputPaths = (
			);
			name = "[CP] Copy Pods Resources";
			outputPaths = (
			);
			runOnlyForDeploymentPostprocessing = 0;
			shellPath = /bin/sh;
			shellScript = "\"${SRCROOT}/Pods/Target Support Files/Pods-Quick/Pods-Quick-resources.sh\"\n";
			showEnvVarsInLog = 0;
		};
		DF5C2DF476BA9240366880A1 /* [CP] Embed Pods Frameworks */ = {
			isa = PBXShellScriptBuildPhase;
			buildActionMask = 2147483647;
			files = (
			);
			inputPaths = (
			);
			name = "[CP] Embed Pods Frameworks";
			outputPaths = (
			);
			runOnlyForDeploymentPostprocessing = 0;
			shellPath = /bin/sh;
			shellScript = "\"${SRCROOT}/Pods/Target Support Files/Pods-Quick/Pods-Quick-frameworks.sh\"\n";
			showEnvVarsInLog = 0;
		};
/* End PBXShellScriptBuildPhase section */

/* Begin PBXSourcesBuildPhase section */
		1835D0881D22F64900C9554C /* Sources */ = {
			isa = PBXSourcesBuildPhase;
			buildActionMask = 2147483647;
			files = (
				1835D0921D22F64900C9554C /* ViewController.swift in Sources */,
				181D744F1D2473910007DAFD /* Product.swift in Sources */,
				1835D0A41D2328E700C9554C /* ProductTableView.swift in Sources */,
				1835D0A81D2329F000C9554C /* ProductTableViewCell.swift in Sources */,
				1835D0901D22F64900C9554C /* AppDelegate.swift in Sources */,
				1835D0A21D22F73900C9554C /* Network.swift in Sources */,
				1835D0AD1D24664700C9554C /* ProductTableViewDataSource.swift in Sources */,
				1835D0AB1D2465BC00C9554C /* Screen.swift in Sources */,
			);
			runOnlyForDeploymentPostprocessing = 0;
		};
/* End PBXSourcesBuildPhase section */

/* Begin PBXVariantGroup section */
		1835D0931D22F64900C9554C /* Main.storyboard */ = {
			isa = PBXVariantGroup;
			children = (
				1835D0941D22F64900C9554C /* Base */,
			);
			name = Main.storyboard;
			sourceTree = "<group>";
		};
		1835D0981D22F64900C9554C /* LaunchScreen.storyboard */ = {
			isa = PBXVariantGroup;
			children = (
				1835D0991D22F64900C9554C /* Base */,
			);
			name = LaunchScreen.storyboard;
			sourceTree = "<group>";
		};
/* End PBXVariantGroup section */

/* Begin XCBuildConfiguration section */
		1835D09C1D22F64900C9554C /* Debug */ = {
			isa = XCBuildConfiguration;
			buildSettings = {
				ALWAYS_SEARCH_USER_PATHS = NO;
				CLANG_ANALYZER_NONNULL = YES;
				CLANG_CXX_LANGUAGE_STANDARD = "gnu++0x";
				CLANG_CXX_LIBRARY = "libc++";
				CLANG_ENABLE_MODULES = YES;
				CLANG_ENABLE_OBJC_ARC = YES;
				CLANG_WARN_BOOL_CONVERSION = YES;
				CLANG_WARN_CONSTANT_CONVERSION = YES;
				CLANG_WARN_DIRECT_OBJC_ISA_USAGE = YES_ERROR;
				CLANG_WARN_EMPTY_BODY = YES;
				CLANG_WARN_ENUM_CONVERSION = YES;
				CLANG_WARN_INT_CONVERSION = YES;
				CLANG_WARN_OBJC_ROOT_CLASS = YES_ERROR;
				CLANG_WARN_UNREACHABLE_CODE = YES;
				CLANG_WARN__DUPLICATE_METHOD_MATCH = YES;
				"CODE_SIGN_IDENTITY[sdk=iphoneos*]" = "iPhone Developer";
				COPY_PHASE_STRIP = NO;
				DEBUG_INFORMATION_FORMAT = dwarf;
				ENABLE_STRICT_OBJC_MSGSEND = YES;
				ENABLE_TESTABILITY = YES;
				GCC_C_LANGUAGE_STANDARD = gnu99;
				GCC_DYNAMIC_NO_PIC = NO;
				GCC_NO_COMMON_BLOCKS = YES;
				GCC_OPTIMIZATION_LEVEL = 0;
				GCC_PREPROCESSOR_DEFINITIONS = (
					"DEBUG=1",
					"$(inherited)",
				);
				GCC_WARN_64_TO_32_BIT_CONVERSION = YES;
				GCC_WARN_ABOUT_RETURN_TYPE = YES_ERROR;
				GCC_WARN_UNDECLARED_SELECTOR = YES;
				GCC_WARN_UNINITIALIZED_AUTOS = YES_AGGRESSIVE;
				GCC_WARN_UNUSED_FUNCTION = YES;
				GCC_WARN_UNUSED_VARIABLE = YES;
				IPHONEOS_DEPLOYMENT_TARGET = 9.3;
				MTL_ENABLE_DEBUG_INFO = YES;
				ONLY_ACTIVE_ARCH = YES;
				SDKROOT = iphoneos;
				SWIFT_OPTIMIZATION_LEVEL = "-Onone";
				TARGETED_DEVICE_FAMILY = "1,2";
			};
			name = Debug;
		};
		1835D09D1D22F64900C9554C /* Release */ = {
			isa = XCBuildConfiguration;
			buildSettings = {
				ALWAYS_SEARCH_USER_PATHS = NO;
				CLANG_ANALYZER_NONNULL = YES;
				CLANG_CXX_LANGUAGE_STANDARD = "gnu++0x";
				CLANG_CXX_LIBRARY = "libc++";
				CLANG_ENABLE_MODULES = YES;
				CLANG_ENABLE_OBJC_ARC = YES;
				CLANG_WARN_BOOL_CONVERSION = YES;
				CLANG_WARN_CONSTANT_CONVERSION = YES;
				CLANG_WARN_DIRECT_OBJC_ISA_USAGE = YES_ERROR;
				CLANG_WARN_EMPTY_BODY = YES;
				CLANG_WARN_ENUM_CONVERSION = YES;
				CLANG_WARN_INT_CONVERSION = YES;
				CLANG_WARN_OBJC_ROOT_CLASS = YES_ERROR;
				CLANG_WARN_UNREACHABLE_CODE = YES;
				CLANG_WARN__DUPLICATE_METHOD_MATCH = YES;
				"CODE_SIGN_IDENTITY[sdk=iphoneos*]" = "iPhone Developer";
				COPY_PHASE_STRIP = NO;
				DEBUG_INFORMATION_FORMAT = "dwarf-with-dsym";
				ENABLE_NS_ASSERTIONS = NO;
				ENABLE_STRICT_OBJC_MSGSEND = YES;
				GCC_C_LANGUAGE_STANDARD = gnu99;
				GCC_NO_COMMON_BLOCKS = YES;
				GCC_WARN_64_TO_32_BIT_CONVERSION = YES;
				GCC_WARN_ABOUT_RETURN_TYPE = YES_ERROR;
				GCC_WARN_UNDECLARED_SELECTOR = YES;
				GCC_WARN_UNINITIALIZED_AUTOS = YES_AGGRESSIVE;
				GCC_WARN_UNUSED_FUNCTION = YES;
				GCC_WARN_UNUSED_VARIABLE = YES;
				IPHONEOS_DEPLOYMENT_TARGET = 9.3;
				MTL_ENABLE_DEBUG_INFO = NO;
				SDKROOT = iphoneos;
				TARGETED_DEVICE_FAMILY = "1,2";
				VALIDATE_PRODUCT = YES;
			};
			name = Release;
		};
		1835D09F1D22F64900C9554C /* Debug */ = {
			isa = XCBuildConfiguration;
			baseConfigurationReference = A8F793CA61FD105E836E06CE /* Pods-Quick.debug.xcconfig */;
			buildSettings = {
				ASSETCATALOG_COMPILER_APPICON_NAME = AppIcon;
				INFOPLIST_FILE = Quick/Info.plist;
				IPHONEOS_DEPLOYMENT_TARGET = 8.0;
				LD_RUNPATH_SEARCH_PATHS = "$(inherited) @executable_path/Frameworks";
				PRODUCT_BUNDLE_IDENTIFIER = org.stephen.Quick;
				PRODUCT_NAME = "$(TARGET_NAME)";
			};
			name = Debug;
		};
		1835D0A01D22F64900C9554C /* Release */ = {
			isa = XCBuildConfiguration;
			baseConfigurationReference = 2E472150DF07F2388306F612 /* Pods-Quick.release.xcconfig */;
			buildSettings = {
				ASSETCATALOG_COMPILER_APPICON_NAME = AppIcon;
				INFOPLIST_FILE = Quick/Info.plist;
				IPHONEOS_DEPLOYMENT_TARGET = 8.0;
				LD_RUNPATH_SEARCH_PATHS = "$(inherited) @executable_path/Frameworks";
				PRODUCT_BUNDLE_IDENTIFIER = org.stephen.Quick;
				PRODUCT_NAME = "$(TARGET_NAME)";
			};
			name = Release;
		};
/* End XCBuildConfiguration section */

/* Begin XCConfigurationList section */
		1835D0871D22F64900C9554C /* Build configuration list for PBXProject "Quick" */ = {
			isa = XCConfigurationList;
			buildConfigurations = (
				1835D09C1D22F64900C9554C /* Debug */,
				1835D09D1D22F64900C9554C /* Release */,
			);
			defaultConfigurationIsVisible = 0;
			defaultConfigurationName = Release;
		};
		1835D09E1D22F64900C9554C /* Build configuration list for PBXNativeTarget "Quick" */ = {
			isa = XCConfigurationList;
			buildConfigurations = (
				1835D09F1D22F64900C9554C /* Debug */,
				1835D0A01D22F64900C9554C /* Release */,
			);
			defaultConfigurationIsVisible = 0;
			defaultConfigurationName = Release;
		};
/* End XCConfigurationList section */
	};
	rootObject = 1835D0841D22F64800C9554C /* Project object */;
}
